
Microsoft Visual Studio Solution File, Format Version 12.00
# Visual Studio Version 17
VisualStudioVersion = 17.10.35004.147
MinimumVisualStudioVersion = 10.0.40219.1
Project("{FAE04EC0-301F-11D3-BF4B-00C04F79EFBC}") = "GameStore", "GameStore\GameStore.csproj", "{4C398A48-3925-4428-B9D1-FBB8D04D3CD1}"
EndProject
Project("{FAE04EC0-301F-11D3-BF4B-00C04F79EFBC}") = "GameStore.Client", "GameStore.Client\GameStore.Client.csproj", "{76A0C723-CB47-442D-9993-12368C0431CC}"
EndProject
Global
	GlobalSection(SolutionConfigurationPlatforms) = preSolution
		Debug|Any CPU = Debug|Any CPU
		Release|Any CPU = Release|Any CPU
	EndGlobalSection
	GlobalSection(ProjectConfigurationPlatforms) = postSolution
		{4C398A48-3925-4428-B9D1-FBB8D04D3CD1}.Debug|Any CPU.ActiveCfg = Debug|Any CPU
		{4C398A48-3925-4428-B9D1-FBB8D04D3CD1}.Debug|Any CPU.Build.0 = Debug|Any CPU
		{4C398A48-3925-4428-B9D1-FBB8D04D3CD1}.Release|Any CPU.ActiveCfg = Release|Any CPU
		{4C398A48-3925-4428-B9D1-FBB8D04D3CD1}.Release|Any CPU.Build.0 = Release|Any CPU
		{76A0C723-CB47-442D-9993-12368C0431CC}.Debug|Any CPU.ActiveCfg = Debug|Any CPU
		{76A0C723-CB47-442D-9993-12368C0431CC}.Debug|Any CPU.Build.0 = Debug|Any CPU
		{76A0C723-CB47-442D-9993-12368C0431CC}.Release|Any CPU.ActiveCfg = Release|Any CPU
		{76A0C723-CB47-442D-9993-12368C0431CC}.Release|Any CPU.Build.0 = Release|Any CPU
	EndGlobalSection
	GlobalSection(SolutionProperties) = preSolution
		HideSolutionNode = FALSE
	EndGlobalSection
	GlobalSection(ExtensibilityGlobals) = postSolution
		SolutionGuid = {805E7DF9-27B0-4BCF-A3C2-0DD16B46E5EE}
	EndGlobalSection
EndGlobal
